
Microsoft Visual Studio Solution File, Format Version 12.00
# Visual Studio Version 17
VisualStudioVersion = 17.5.002.0
MinimumVisualStudioVersion = 10.0.40219.1
Project("{9A19103F-16F7-4668-BE54-9A1E7A4F7556}") = "common", "common\common.csproj", "{292D1E54-BAF8-4D17-8DE7-A106E16B31FC}"
EndProject
Project("{9A19103F-16F7-4668-BE54-9A1E7A4F7556}") = "contract", "contract\contract.csproj", "{F62A53C1-A031-453F-A9E9-0F214390CD0B}"
EndProject
Project("{9A19103F-16F7-4668-BE54-9A1E7A4F7556}") = "data", "data\data.csproj", "{CFEDB819-7E64-4892-950D-861DFCD57845}"
EndProject
Project("{9A19103F-16F7-4668-BE54-9A1E7A4F7556}") = "server", "server\server.csproj", "{F7DAC76D-BC54-4E88-A571-6689A7C262FE}"
EndProject
Project("{9A19103F-16F7-4668-BE54-9A1E7A4F7556}") = "services", "services\services.csproj", "{7CCF0211-3D02-4FBC-AF0A-7ED09BD383F2}"
EndProject
Global
	GlobalSection(SolutionConfigurationPlatforms) = preSolution
		Debug|Any CPU = Debug|Any CPU
		Release|Any CPU = Release|Any CPU
	EndGlobalSection
	GlobalSection(ProjectConfigurationPlatforms) = postSolution
		{292D1E54-BAF8-4D17-8DE7-A106E16B31FC}.Debug|Any CPU.ActiveCfg = Debug|Any CPU
		{292D1E54-BAF8-4D17-8DE7-A106E16B31FC}.Debug|Any CPU.Build.0 = Debug|Any CPU
		{292D1E54-BAF8-4D17-8DE7-A106E16B31FC}.Release|Any CPU.ActiveCfg = Release|Any CPU
		{292D1E54-BAF8-4D17-8DE7-A106E16B31FC}.Release|Any CPU.Build.0 = Release|Any CPU
		{F62A53C1-A031-453F-A9E9-0F214390CD0B}.Debug|Any CPU.ActiveCfg = Debug|Any CPU
		{F62A53C1-A031-453F-A9E9-0F214390CD0B}.Debug|Any CPU.Build.0 = Debug|Any CPU
		{F62A53C1-A031-453F-A9E9-0F214390CD0B}.Release|Any CPU.ActiveCfg = Release|Any CPU
		{F62A53C1-A031-453F-A9E9-0F214390CD0B}.Release|Any CPU.Build.0 = Release|Any CPU
		{CFEDB819-7E64-4892-950D-861DFCD57845}.Debug|Any CPU.ActiveCfg = Debug|Any CPU
		{CFEDB819-7E64-4892-950D-861DFCD57845}.Debug|Any CPU.Build.0 = Debug|Any CPU
		{CFEDB819-7E64-4892-950D-861DFCD57845}.Release|Any CPU.ActiveCfg = Release|Any CPU
		{CFEDB819-7E64-4892-950D-861DFCD57845}.Release|Any CPU.Build.0 = Release|Any CPU
		{F7DAC76D-BC54-4E88-A571-6689A7C262FE}.Debug|Any CPU.ActiveCfg = Debug|Any CPU
		{F7DAC76D-BC54-4E88-A571-6689A7C262FE}.Debug|Any CPU.Build.0 = Debug|Any CPU
		{F7DAC76D-BC54-4E88-A571-6689A7C262FE}.Release|Any CPU.ActiveCfg = Release|Any CPU
		{F7DAC76D-BC54-4E88-A571-6689A7C262FE}.Release|Any CPU.Build.0 = Release|Any CPU
		{7CCF0211-3D02-4FBC-AF0A-7ED09BD383F2}.Debug|Any CPU.ActiveCfg = Debug|Any CPU
		{7CCF0211-3D02-4FBC-AF0A-7ED09BD383F2}.Debug|Any CPU.Build.0 = Debug|Any CPU
		{7CCF0211-3D02-4FBC-AF0A-7ED09BD383F2}.Release|Any CPU.ActiveCfg = Release|Any CPU
		{7CCF0211-3D02-4FBC-AF0A-7ED09BD383F2}.Release|Any CPU.Build.0 = Release|Any CPU
	EndGlobalSection
	GlobalSection(SolutionProperties) = preSolution
		HideSolutionNode = FALSE
	EndGlobalSection
	GlobalSection(ExtensibilityGlobals) = postSolution
		SolutionGuid = {9DFAB1F3-B5C1-4BB0-98B3-52D250052AE1}
	EndGlobalSection
EndGlobal
